Microsoft Visual Studio Solution File, Format Version 12.00
# Visual Studio Version 17
VisualStudioVersion = 17.0.31912.275
MinimumVisualStudioVersion = 10.0.40219.1
Project("{FAE04EC0-301F-11D3-BF4B-00C04F79EFBC}") = "BackendApi", "BackendApi.csproj", "{43F0A492-917D-48D2-B5EB-02EC33E29E8C}"
EndProject
Global
    GlobalSection(SolutionConfigurationPlatforms) = preSolution
        Debug|Any CPU = Debug|Any CPU
        Release|Any CPU = Release|Any CPU
    EndGlobalSection
    GlobalSection(ProjectConfigurationPlatforms) = postSolution
        {43F0A492-917D-48D2-B5EB-02EC33E29E8C}.Debug|Any CPU.ActiveCfg = Debug|Any CPU
        {43F0A492-917D-48D2-B5EB-02EC33E29E8C}.Debug|Any CPU.Build.0 = Debug|Any CPU
        {43F0A492-917D-48D2-B5EB-02EC33E29E8C}.Release|Any CPU.ActiveCfg = Release|Any CPU
        {43F0A492-917D-48D2-B5EB-02EC33E29E8C}.Release|Any CPU.Build.0 = Release|Any CPU
    EndGlobalSection
    GlobalSection(SolutionProperties) = preSolution
        HideSolutionNode = FALSE
    EndGlobalSection
    GlobalSection(ExtensibilityGlobals) = postSolution
        SolutionGuid = {CBE3D15E-9BCC-4BD4-8605-C7243FCBA3F0}
    EndGlobalSection
EndGlobal
